
Microsoft Visual Studio Solution File, Format Version 12.00
# Visual Studio Version 17
VisualStudioVersion = 17.0.32014.148
MinimumVisualStudioVersion = 10.0.40219.1
Project("{FAE04EC0-301F-11D3-BF4B-00C04F79EFBC}") = "ingreso a datos", "ingreso a datos\ingreso a datos.csproj", "{6A503386-772C-429C-9C88-73E4C44EB24E}"
EndProject
Global
	GlobalSection(SolutionConfigurationPlatforms) = preSolution
		Debug|Any CPU = Debug|Any CPU
		Release|Any CPU = Release|Any CPU
	EndGlobalSection
	GlobalSection(ProjectConfigurationPlatforms) = postSolution
		{6A503386-772C-429C-9C88-73E4C44EB24E}.Debug|Any CPU.ActiveCfg = Debug|Any CPU
		{6A503386-772C-429C-9C88-73E4C44EB24E}.Debug|Any CPU.Build.0 = Debug|Any CPU
		{6A503386-772C-429C-9C88-73E4C44EB24E}.Release|Any CPU.ActiveCfg = Release|Any CPU
		{6A503386-772C-429C-9C88-73E4C44EB24E}.Release|Any CPU.Build.0 = Release|Any CPU
	EndGlobalSection
	GlobalSection(SolutionProperties) = preSolution
		HideSolutionNode = FALSE
	EndGlobalSection
	GlobalSection(ExtensibilityGlobals) = postSolution
		SolutionGuid = {FA82CB40-DC26-419F-83FE-8D2C72574821}
	EndGlobalSection
EndGlobal
